// !$*UTF8*$!
{
	archiveVersion = 1;
	classes = {
	};
	objectVersion = 56;
	objects = {

/* Begin PBXBuildFile section */
		9A13D89F2DC9395000EEA863 /* DragSparksRenderer.swift in Sources */ = {isa = PBXBuildFile; fileRef = 9A13D89E2DC9394800EEA863 /* DragSparksRenderer.swift */; };
		9A13D8A12DC9395A00EEA863 /* DragSparksShader.metal in Sources */ = {isa = PBXBuildFile; fileRef = 9A13D8A02DC9395300EEA863 /* DragSparksShader.metal */; };
		9A228C6B2DB5026600160CF9 /* Gesture.swift in Sources */ = {isa = PBXBuildFile; fileRef = 9A228C6A2DB5025D00160CF9 /* Gesture.swift */; };
		9A228C6D2DB56C6200160CF9 /* BlocksRenderer.swift in Sources */ = {isa = PBXBuildFile; fileRef = 9A228C6C2DB56C5400160CF9 /* BlocksRenderer.swift */; };
		9A228C6F2DB56C6F00160CF9 /* BlocksShader.metal in Sources */ = {isa = PBXBuildFile; fileRef = 9A228C6E2DB56C6700160CF9 /* BlocksShader.metal */; };
		9A45F3AA2D889E1B0042486A /* LampsRenderer.swift in Sources */ = {isa = PBXBuildFile; fileRef = 9A45F3A92D889E1B0042486A /* LampsRenderer.swift */; };
		9A92D3772D91D35A0021FFCE /* LampsShaders.metal in Sources */ = {isa = PBXBuildFile; fileRef = 9A92D3762D91D35A0021FFCE /* LampsShaders.metal */; };
		9A92D3852D994EB00021FFCE /* PolylinesRenderer.swift in Sources */ = {isa = PBXBuildFile; fileRef = 9A92D3842D994EB00021FFCE /* PolylinesRenderer.swift */; };
		9A92D3872D994ECB0021FFCE /* PolylinesShader.metal in Sources */ = {isa = PBXBuildFile; fileRef = 9A92D3862D994EBB0021FFCE /* PolylinesShader.metal */; };
		9A92D38A2D9FBAE50021FFCE /* TrianglesRenderer.swift in Sources */ = {isa = PBXBuildFile; fileRef = 9A92D3892D9FBADA0021FFCE /* TrianglesRenderer.swift */; };
		9A92D38C2D9FBAF20021FFCE /* TrianglesShader.metal in Sources */ = {isa = PBXBuildFile; fileRef = 9A92D38B2D9FBAEC0021FFCE /* TrianglesShader.metal */; };
		9A92D38E2D9FBE210021FFCE /* ExtendingLine.swift in Sources */ = {isa = PBXBuildFile; fileRef = 9A92D38D2D9FBE1D0021FFCE /* ExtendingLine.swift */; };
		9A92D3902D9FFD670021FFCE /* JsonGenRenderer.swift in Sources */ = {isa = PBXBuildFile; fileRef = 9A92D38F2D9FFD5E0021FFCE /* JsonGenRenderer.swift */; };
		9A92D3922D9FFD710021FFCE /* JsonGenShader.metal in Sources */ = {isa = PBXBuildFile; fileRef = 9A92D3912D9FFD6B0021FFCE /* JsonGenShader.metal */; };
		9A9A3E0D2E16EDDC00330D1B /* BounceInBallRenderer.swift in Sources */ = {isa = PBXBuildFile; fileRef = 9A9A3E0C2E16EDD200330D1B /* BounceInBallRenderer.swift */; };
		9A9A3E0F2E16EDE800330D1B /* BounceInBallShader.metal in Sources */ = {isa = PBXBuildFile; fileRef = 9A9A3E0E2E16EDDF00330D1B /* BounceInBallShader.metal */; };
		9A9A3E112E19996300330D1B /* BounceInCubeRenderer.swift in Sources */ = {isa = PBXBuildFile; fileRef = 9A9A3E102E19995E00330D1B /* BounceInCubeRenderer.swift */; };
		9A9A3E132E19998200330D1B /* BounceInCubeShader.metal in Sources */ = {isa = PBXBuildFile; fileRef = 9A9A3E122E19997000330D1B /* BounceInCubeShader.metal */; };
		9A9A3E172E1A3DC000330D1B /* BounceAroundBallRenderer.swift in Sources */ = {isa = PBXBuildFile; fileRef = 9A9A3E162E1A3DB700330D1B /* BounceAroundBallRenderer.swift */; };
		9A9A3E192E1A3DCA00330D1B /* BounceAroundBallShader.metal in Sources */ = {isa = PBXBuildFile; fileRef = 9A9A3E182E1A3DC500330D1B /* BounceAroundBallShader.metal */; };
		9AEFD39B2DAC396000C96226 /* AttractorRenderer.swift in Sources */ = {isa = PBXBuildFile; fileRef = 9AEFD39A2DAC395800C96226 /* AttractorRenderer.swift */; };
		9AEFD39D2DAC396B00C96226 /* AttractorShader.metal in Sources */ = {isa = PBXBuildFile; fileRef = 9AEFD39C2DAC396400C96226 /* AttractorShader.metal */; };
		9AF975B32DBEA5B400B78645 /* ImagesRenderer.swift in Sources */ = {isa = PBXBuildFile; fileRef = 9AF975B22DBEA5AD00B78645 /* ImagesRenderer.swift */; };
		9AF975B52DBEA5BC00B78645 /* ImagesShader.metal in Sources */ = {isa = PBXBuildFile; fileRef = 9AF975B42DBEA5B800B78645 /* ImagesShader.metal */; };
		D112742A2BC7318900E194CF /* InteractionApp.swift in Sources */ = {isa = PBXBuildFile; fileRef = D11274292BC7318900E194CF /* InteractionApp.swift */; };
		D112742E2BC7318900E194CF /* AppModel.swift in Sources */ = {isa = PBXBuildFile; fileRef = D112742D2BC7318900E194CF /* AppModel.swift */; };
		D11274302BC7318900E194CF /* Renderer.swift in Sources */ = {isa = PBXBuildFile; fileRef = D112742F2BC7318900E194CF /* Renderer.swift */; };
		D11274362BC7318900E194CF /* Preview Assets.xcassets in Resources */ = {isa = PBXBuildFile; fileRef = D11274352BC7318900E194CF /* Preview Assets.xcassets */; };
		D11274382BC7318A00E194CF /* Assets.xcassets in Resources */ = {isa = PBXBuildFile; fileRef = D11274372BC7318A00E194CF /* Assets.xcassets */; };
		D11274452BC734AD00E194CF /* InteractionScene.swift in Sources */ = {isa = PBXBuildFile; fileRef = D11274402BC734AD00E194CF /* InteractionScene.swift */; };
		D11274462BC734AD00E194CF /* InteractionView.swift in Sources */ = {isa = PBXBuildFile; fileRef = D11274412BC734AD00E194CF /* InteractionView.swift */; };
		D11274472BC734AD00E194CF /* Uniforms.swift in Sources */ = {isa = PBXBuildFile; fileRef = D11274442BC734AD00E194CF /* Uniforms.swift */; };
/* End PBXBuildFile section */

/* Begin PBXFileReference section */
		0BE4D83FD393EC90F51070F3 /* LICENSE.txt */ = {isa = PBXFileReference; includeInIndex = 1; lastKnownFileType = text; path = LICENSE.txt; sourceTree = "<group>"; };
		33D190EEBFF9B25310AB436E /* SampleCode.xcconfig */ = {isa = PBXFileReference; lastKnownFileType = text.xcconfig; name = SampleCode.xcconfig; path = Configuration/SampleCode.xcconfig; sourceTree = "<group>"; };
		3E2802D1CC6386AC2E5A3992 /* README.md */ = {isa = PBXFileReference; lastKnownFileType = net.daringfireball.markdown; path = README.md; sourceTree = "<group>"; };
		9A13D89E2DC9394800EEA863 /* DragSparksRenderer.swift */ = {isa = PBXFileReference; lastKnownFileType = sourcecode.swift; path = DragSparksRenderer.swift; sourceTree = "<group>"; };
		9A13D8A02DC9395300EEA863 /* DragSparksShader.metal */ = {isa = PBXFileReference; lastKnownFileType = sourcecode.metal; path = DragSparksShader.metal; sourceTree = "<group>"; };
		9A228C6A2DB5025D00160CF9 /* Gesture.swift */ = {isa = PBXFileReference; lastKnownFileType = sourcecode.swift; path = Gesture.swift; sourceTree = "<group>"; };
		9A228C6C2DB56C5400160CF9 /* BlocksRenderer.swift */ = {isa = PBXFileReference; lastKnownFileType = sourcecode.swift; path = BlocksRenderer.swift; sourceTree = "<group>"; };
		9A228C6E2DB56C6700160CF9 /* BlocksShader.metal */ = {isa = PBXFileReference; lastKnownFileType = sourcecode.metal; path = BlocksShader.metal; sourceTree = "<group>"; };
		9A45F3A92D889E1B0042486A /* LampsRenderer.swift */ = {isa = PBXFileReference; lastKnownFileType = sourcecode.swift; path = LampsRenderer.swift; sourceTree = "<group>"; };
		9A92D3762D91D35A0021FFCE /* LampsShaders.metal */ = {isa = PBXFileReference; lastKnownFileType = sourcecode.metal; path = LampsShaders.metal; sourceTree = "<group>"; };
		9A92D3842D994EB00021FFCE /* PolylinesRenderer.swift */ = {isa = PBXFileReference; lastKnownFileType = sourcecode.swift; path = PolylinesRenderer.swift; sourceTree = "<group>"; };
		9A92D3862D994EBB0021FFCE /* PolylinesShader.metal */ = {isa = PBXFileReference; lastKnownFileType = sourcecode.metal; path = PolylinesShader.metal; sourceTree = "<group>"; };
		9A92D3882D99A3E10021FFCE /* PathProperties.h */ = {isa = PBXFileReference; lastKnownFileType = sourcecode.c.h; path = PathProperties.h; sourceTree = "<group>"; };
		9A92D3892D9FBADA0021FFCE /* TrianglesRenderer.swift */ = {isa = PBXFileReference; lastKnownFileType = sourcecode.swift; path = TrianglesRenderer.swift; sourceTree = "<group>"; };
		9A92D38B2D9FBAEC0021FFCE /* TrianglesShader.metal */ = {isa = PBXFileReference; lastKnownFileType = sourcecode.metal; path = TrianglesShader.metal; sourceTree = "<group>"; };
		9A92D38D2D9FBE1D0021FFCE /* ExtendingLine.swift */ = {isa = PBXFileReference; lastKnownFileType = sourcecode.swift; path = ExtendingLine.swift; sourceTree = "<group>"; };
		9A92D38F2D9FFD5E0021FFCE /* JsonGenRenderer.swift */ = {isa = PBXFileReference; lastKnownFileType = sourcecode.swift; path = JsonGenRenderer.swift; sourceTree = "<group>"; };
		9A92D3912D9FFD6B0021FFCE /* JsonGenShader.metal */ = {isa = PBXFileReference; lastKnownFileType = sourcecode.metal; path = JsonGenShader.metal; sourceTree = "<group>"; };
		9A9A3E0C2E16EDD200330D1B /* BounceInBallRenderer.swift */ = {isa = PBXFileReference; lastKnownFileType = sourcecode.swift; path = BounceInBallRenderer.swift; sourceTree = "<group>"; };
		9A9A3E0E2E16EDDF00330D1B /* BounceInBallShader.metal */ = {isa = PBXFileReference; lastKnownFileType = sourcecode.metal; path = BounceInBallShader.metal; sourceTree = "<group>"; };
		9A9A3E102E19995E00330D1B /* BounceInCubeRenderer.swift */ = {isa = PBXFileReference; lastKnownFileType = sourcecode.swift; path = BounceInCubeRenderer.swift; sourceTree = "<group>"; };
		9A9A3E122E19997000330D1B /* BounceInCubeShader.metal */ = {isa = PBXFileReference; lastKnownFileType = sourcecode.metal; path = BounceInCubeShader.metal; sourceTree = "<group>"; };
		9A9A3E162E1A3DB700330D1B /* BounceAroundBallRenderer.swift */ = {isa = PBXFileReference; lastKnownFileType = sourcecode.swift; path = BounceAroundBallRenderer.swift; sourceTree = "<group>"; };
		9A9A3E182E1A3DC500330D1B /* BounceAroundBallShader.metal */ = {isa = PBXFileReference; lastKnownFileType = sourcecode.metal; path = BounceAroundBallShader.metal; sourceTree = "<group>"; };
		9AEFD39A2DAC395800C96226 /* AttractorRenderer.swift */ = {isa = PBXFileReference; lastKnownFileType = sourcecode.swift; path = AttractorRenderer.swift; sourceTree = "<group>"; };
		9AEFD39C2DAC396400C96226 /* AttractorShader.metal */ = {isa = PBXFileReference; lastKnownFileType = sourcecode.metal; path = AttractorShader.metal; sourceTree = "<group>"; };
		9AF975B22DBEA5AD00B78645 /* ImagesRenderer.swift */ = {isa = PBXFileReference; lastKnownFileType = sourcecode.swift; path = ImagesRenderer.swift; sourceTree = "<group>"; };
		9AF975B42DBEA5B800B78645 /* ImagesShader.metal */ = {isa = PBXFileReference; lastKnownFileType = sourcecode.metal; path = ImagesShader.metal; sourceTree = "<group>"; };
		D11274222BC7318900E194CF /* CompositorDemo.app */ = {isa = PBXFileReference; explicitFileType = wrapper.application; includeInIndex = 0; path = CompositorDemo.app; sourceTree = BUILT_PRODUCTS_DIR; };
		D11274292BC7318900E194CF /* InteractionApp.swift */ = {isa = PBXFileReference; lastKnownFileType = sourcecode.swift; path = InteractionApp.swift; sourceTree = "<group>"; };
		D112742D2BC7318900E194CF /* AppModel.swift */ = {isa = PBXFileReference; lastKnownFileType = sourcecode.swift; path = AppModel.swift; sourceTree = "<group>"; };
		D112742F2BC7318900E194CF /* Renderer.swift */ = {isa = PBXFileReference; lastKnownFileType = sourcecode.swift; path = Renderer.swift; sourceTree = "<group>"; };
		D11274332BC7318900E194CF /* ShaderTypes.h */ = {isa = PBXFileReference; lastKnownFileType = sourcecode.c.h; path = ShaderTypes.h; sourceTree = "<group>"; };
		D11274352BC7318900E194CF /* Preview Assets.xcassets */ = {isa = PBXFileReference; lastKnownFileType = folder.assetcatalog; path = "Preview Assets.xcassets"; sourceTree = "<group>"; };
		D11274372BC7318A00E194CF /* Assets.xcassets */ = {isa = PBXFileReference; lastKnownFileType = folder.assetcatalog; path = Assets.xcassets; sourceTree = "<group>"; };
		D11274392BC7318A00E194CF /* Info.plist */ = {isa = PBXFileReference; lastKnownFileType = text.plist.xml; path = Info.plist; sourceTree = "<group>"; };
		D112743F2BC734AD00E194CF /* Bridging-Header.h */ = {isa = PBXFileReference; lastKnownFileType = sourcecode.c.h; path = "Bridging-Header.h"; sourceTree = "<group>"; };
		D11274402BC734AD00E194CF /* InteractionScene.swift */ = {isa = PBXFileReference; lastKnownFileType = sourcecode.swift; path = InteractionScene.swift; sourceTree = "<group>"; };
		D11274412BC734AD00E194CF /* InteractionView.swift */ = {isa = PBXFileReference; lastKnownFileType = sourcecode.swift; path = InteractionView.swift; sourceTree = "<group>"; };
		D11274442BC734AD00E194CF /* Uniforms.swift */ = {isa = PBXFileReference; lastKnownFileType = sourcecode.swift; path = Uniforms.swift; sourceTree = "<group>"; };
/* End PBXFileReference section */

/* Begin PBXFrameworksBuildPhase section */
		D112741F2BC7318900E194CF /* Frameworks */ = {
			isa = PBXFrameworksBuildPhase;
			buildActionMask = 2147483647;
			files = (
			);
			runOnlyForDeploymentPostprocessing = 0;
		};
/* End PBXFrameworksBuildPhase section */

/* Begin PBXGroup section */
		1D810CFF6BFC293E8F131CA6 /* LICENSE */ = {
			isa = PBXGroup;
			children = (
				0BE4D83FD393EC90F51070F3 /* LICENSE.txt */,
			);
			name = LICENSE;
			path = .;
			sourceTree = "<group>";
		};
		386145A1FAE4E9739C0DCCC0 /* Configuration */ = {
			isa = PBXGroup;
			children = (
				33D190EEBFF9B25310AB436E /* SampleCode.xcconfig */,
			);
			name = Configuration;
			sourceTree = "<group>";
		};
		D11274192BC7318900E194CF = {
			isa = PBXGroup;
			children = (
				3E2802D1CC6386AC2E5A3992 /* README.md */,
				D11274242BC7318900E194CF /* CompositorDemo */,
				D11274232BC7318900E194CF /* Products */,
				386145A1FAE4E9739C0DCCC0 /* Configuration */,
				1D810CFF6BFC293E8F131CA6 /* LICENSE */,
			);
			sourceTree = "<group>";
		};
		D11274232BC7318900E194CF /* Products */ = {
			isa = PBXGroup;
			children = (
				D11274222BC7318900E194CF /* CompositorDemo.app */,
			);
			name = Products;
			sourceTree = "<group>";
		};
		D11274242BC7318900E194CF /* CompositorDemo */ = {
			isa = PBXGroup;
			children = (
				9A9A3E182E1A3DC500330D1B /* BounceAroundBallShader.metal */,
				9A9A3E162E1A3DB700330D1B /* BounceAroundBallRenderer.swift */,
				9A9A3E122E19997000330D1B /* BounceInCubeShader.metal */,
				9A9A3E102E19995E00330D1B /* BounceInCubeRenderer.swift */,
				9A9A3E0E2E16EDDF00330D1B /* BounceInBallShader.metal */,
				9A9A3E0C2E16EDD200330D1B /* BounceInBallRenderer.swift */,
				9A13D8A02DC9395300EEA863 /* DragSparksShader.metal */,
				9A13D89E2DC9394800EEA863 /* DragSparksRenderer.swift */,
				9AF975B42DBEA5B800B78645 /* ImagesShader.metal */,
				9AF975B22DBEA5AD00B78645 /* ImagesRenderer.swift */,
				9A228C6E2DB56C6700160CF9 /* BlocksShader.metal */,
				9A228C6C2DB56C5400160CF9 /* BlocksRenderer.swift */,
				D112742D2BC7318900E194CF /* AppModel.swift */,
				D11274372BC7318A00E194CF /* Assets.xcassets */,
				9AEFD39A2DAC395800C96226 /* AttractorRenderer.swift */,
				9AEFD39C2DAC396400C96226 /* AttractorShader.metal */,
				D112743F2BC734AD00E194CF /* Bridging-Header.h */,
				9A92D38D2D9FBE1D0021FFCE /* ExtendingLine.swift */,
				9A228C6A2DB5025D00160CF9 /* Gesture.swift */,
				D11274392BC7318A00E194CF /* Info.plist */,
				D11274292BC7318900E194CF /* InteractionApp.swift */,
				D11274402BC734AD00E194CF /* InteractionScene.swift */,
				D11274412BC734AD00E194CF /* InteractionView.swift */,
				9A92D38F2D9FFD5E0021FFCE /* JsonGenRenderer.swift */,
				9A92D3912D9FFD6B0021FFCE /* JsonGenShader.metal */,
				9A45F3A92D889E1B0042486A /* LampsRenderer.swift */,
				9A92D3762D91D35A0021FFCE /* LampsShaders.metal */,
				9A92D3882D99A3E10021FFCE /* PathProperties.h */,
				9A92D3842D994EB00021FFCE /* PolylinesRenderer.swift */,
				9A92D3862D994EBB0021FFCE /* PolylinesShader.metal */,
				D11274342BC7318900E194CF /* Preview Content */,
				D112742F2BC7318900E194CF /* Renderer.swift */,
				D11274332BC7318900E194CF /* ShaderTypes.h */,
				9A92D3892D9FBADA0021FFCE /* TrianglesRenderer.swift */,
				9A92D38B2D9FBAEC0021FFCE /* TrianglesShader.metal */,
				D11274442BC734AD00E194CF /* Uniforms.swift */,
			);
			path = CompositorDemo;
			sourceTree = "<group>";
		};
		D11274342BC7318900E194CF /* Preview Content */ = {
			isa = PBXGroup;
			children = (
				D11274352BC7318900E194CF /* Preview Assets.xcassets */,
			);
			path = "Preview Content";
			sourceTree = "<group>";
		};
/* End PBXGroup section */

/* Begin PBXNativeTarget section */
		D11274212BC7318900E194CF /* CompositorDemo */ = {
			isa = PBXNativeTarget;
			buildConfigurationList = D112743C2BC7318A00E194CF /* Build configuration list for PBXNativeTarget "CompositorDemo" */;
			buildPhases = (
				D112741E2BC7318900E194CF /* Sources */,
				D112741F2BC7318900E194CF /* Frameworks */,
				D11274202BC7318900E194CF /* Resources */,
			);
			buildRules = (
			);
			dependencies = (
			);
			name = CompositorDemo;
			productName = CompositorDemo;
			productReference = D11274222BC7318900E194CF /* CompositorDemo.app */;
			productType = "com.apple.product-type.application";
		};
/* End PBXNativeTarget section */

/* Begin PBXProject section */
		D112741A2BC7318900E194CF /* Project object */ = {
			isa = PBXProject;
			attributes = {
				BuildIndependentTargetsInParallel = 1;
				LastSwiftUpdateCheck = 1600;
				LastUpgradeCheck = 2600;
				ORGANIZATIONNAME = Apple;
				TargetAttributes = {
					D11274212BC7318900E194CF = {
						CreatedOnToolsVersion = 16.0;
					};
				};
			};
			buildConfigurationList = D112741D2BC7318900E194CF /* Build configuration list for PBXProject "CompositorDemo" */;
			compatibilityVersion = "Xcode 14.0";
			developmentRegion = en;
			hasScannedForEncodings = 0;
			knownRegions = (
				en,
				Base,
			);
			mainGroup = D11274192BC7318900E194CF;
			productRefGroup = D11274232BC7318900E194CF /* Products */;
			projectDirPath = "";
			projectRoot = "";
			targets = (
				D11274212BC7318900E194CF /* CompositorDemo */,
			);
		};
/* End PBXProject section */

/* Begin PBXResourcesBuildPhase section */
		D11274202BC7318900E194CF /* Resources */ = {
			isa = PBXResourcesBuildPhase;
			buildActionMask = 2147483647;
			files = (
				D11274382BC7318A00E194CF /* Assets.xcassets in Resources */,
				D11274362BC7318900E194CF /* Preview Assets.xcassets in Resources */,
			);
			runOnlyForDeploymentPostprocessing = 0;
		};
/* End PBXResourcesBuildPhase section */

/* Begin PBXSourcesBuildPhase section */
		D112741E2BC7318900E194CF /* Sources */ = {
			isa = PBXSourcesBuildPhase;
			buildActionMask = 2147483647;
			files = (
				9A9A3E172E1A3DC000330D1B /* BounceAroundBallRenderer.swift in Sources */,
				9A92D3872D994ECB0021FFCE /* PolylinesShader.metal in Sources */,
				D11274302BC7318900E194CF /* Renderer.swift in Sources */,
				9A9A3E0D2E16EDDC00330D1B /* BounceInBallRenderer.swift in Sources */,
				9A13D8A12DC9395A00EEA863 /* DragSparksShader.metal in Sources */,
				9A9A3E192E1A3DCA00330D1B /* BounceAroundBallShader.metal in Sources */,
				9A45F3AA2D889E1B0042486A /* LampsRenderer.swift in Sources */,
				9A9A3E132E19998200330D1B /* BounceInCubeShader.metal in Sources */,
				9A228C6B2DB5026600160CF9 /* Gesture.swift in Sources */,
				9A228C6F2DB56C6F00160CF9 /* BlocksShader.metal in Sources */,
				9AEFD39D2DAC396B00C96226 /* AttractorShader.metal in Sources */,
				9A13D89F2DC9395000EEA863 /* DragSparksRenderer.swift in Sources */,
				9A92D3902D9FFD670021FFCE /* JsonGenRenderer.swift in Sources */,
				9A9A3E0F2E16EDE800330D1B /* BounceInBallShader.metal in Sources */,
				D112742E2BC7318900E194CF /* AppModel.swift in Sources */,
				9A92D38E2D9FBE210021FFCE /* ExtendingLine.swift in Sources */,
				9AF975B32DBEA5B400B78645 /* ImagesRenderer.swift in Sources */,
				D112742A2BC7318900E194CF /* InteractionApp.swift in Sources */,
				9A92D3852D994EB00021FFCE /* PolylinesRenderer.swift in Sources */,
				D11274452BC734AD00E194CF /* InteractionScene.swift in Sources */,
				9A9A3E112E19996300330D1B /* BounceInCubeRenderer.swift in Sources */,
				9A92D3772D91D35A0021FFCE /* LampsShaders.metal in Sources */,
				D11274462BC734AD00E194CF /* InteractionView.swift in Sources */,
				9A92D38A2D9FBAE50021FFCE /* TrianglesRenderer.swift in Sources */,
				9AF975B52DBEA5BC00B78645 /* ImagesShader.metal in Sources */,
				9A228C6D2DB56C6200160CF9 /* BlocksRenderer.swift in Sources */,
				9A92D38C2D9FBAF20021FFCE /* TrianglesShader.metal in Sources */,
				9AEFD39B2DAC396000C96226 /* AttractorRenderer.swift in Sources */,
				9A92D3922D9FFD710021FFCE /* JsonGenShader.metal in Sources */,
				D11274472BC734AD00E194CF /* Uniforms.swift in Sources */,
			);
			runOnlyForDeploymentPostprocessing = 0;
		};
/* End PBXSourcesBuildPhase section */

/* Begin XCBuildConfiguration section */
		D112743A2BC7318A00E194CF /* Debug */ = {
			isa = XCBuildConfiguration;
			baseConfigurationReference = 33D190EEBFF9B25310AB436E /* SampleCode.xcconfig */;
			buildSettings = {
				ALWAYS_SEARCH_USER_PATHS = NO;
				ASSETCATALOG_COMPILER_GENERATE_SWIFT_ASSET_SYMBOL_EXTENSIONS = YES;
				CLANG_ANALYZER_NONNULL = YES;
				CLANG_ANALYZER_NUMBER_OBJECT_CONVERSION = YES_AGGRESSIVE;
				CLANG_CXX_LANGUAGE_STANDARD = "gnu++20";
				CLANG_ENABLE_MODULES = YES;
				CLANG_ENABLE_OBJC_ARC = YES;
				CLANG_ENABLE_OBJC_WEAK = YES;
				CLANG_WARN_BLOCK_CAPTURE_AUTORELEASING = YES;
				CLANG_WARN_BOOL_CONVERSION = YES;
				CLANG_WARN_COMMA = YES;
				CLANG_WARN_CONSTANT_CONVERSION = YES;
				CLANG_WARN_DEPRECATED_OBJC_IMPLEMENTATIONS = YES;
				CLANG_WARN_DIRECT_OBJC_ISA_USAGE = YES_ERROR;
				CLANG_WARN_DOCUMENTATION_COMMENTS = YES;
				CLANG_WARN_EMPTY_BODY = YES;
				CLANG_WARN_ENUM_CONVERSION = YES;
				CLANG_WARN_INFINITE_RECURSION = YES;
				CLANG_WARN_INT_CONVERSION = YES;
				CLANG_WARN_NON_LITERAL_NULL_CONVERSION = YES;
				CLANG_WARN_OBJC_IMPLICIT_RETAIN_SELF = YES;
				CLANG_WARN_OBJC_LITERAL_CONVERSION = YES;
				CLANG_WARN_OBJC_ROOT_CLASS = YES_ERROR;
				CLANG_WARN_QUOTED_INCLUDE_IN_FRAMEWORK_HEADER = YES;
				CLANG_WARN_RANGE_LOOP_ANALYSIS = YES;
				CLANG_WARN_STRICT_PROTOTYPES = YES;
				CLANG_WARN_SUSPICIOUS_MOVE = YES;
				CLANG_WARN_UNGUARDED_AVAILABILITY = YES_AGGRESSIVE;
				CLANG_WARN_UNREACHABLE_CODE = YES;
				CLANG_WARN__DUPLICATE_METHOD_MATCH = YES;
				COPY_PHASE_STRIP = NO;
				DEBUG_INFORMATION_FORMAT = dwarf;
				DEVELOPMENT_TEAM = 29T757U3Y2;
				ENABLE_STRICT_OBJC_MSGSEND = YES;
				ENABLE_TESTABILITY = YES;
				ENABLE_USER_SCRIPT_SANDBOXING = YES;
				GCC_C_LANGUAGE_STANDARD = gnu17;
				GCC_DYNAMIC_NO_PIC = NO;
				GCC_NO_COMMON_BLOCKS = YES;
				GCC_OPTIMIZATION_LEVEL = 0;
				GCC_PREPROCESSOR_DEFINITIONS = (
					"DEBUG=1",
					"$(inherited)",
				);
				GCC_WARN_64_TO_32_BIT_CONVERSION = YES;
				GCC_WARN_ABOUT_RETURN_TYPE = YES_ERROR;
				GCC_WARN_UNDECLARED_SELECTOR = YES;
				GCC_WARN_UNINITIALIZED_AUTOS = YES_AGGRESSIVE;
				GCC_WARN_UNUSED_FUNCTION = YES;
				GCC_WARN_UNUSED_VARIABLE = YES;
				LOCALIZATION_PREFERS_STRING_CATALOGS = YES;
				MTL_ENABLE_DEBUG_INFO = INCLUDE_SOURCE;
				MTL_FAST_MATH = YES;
				ONLY_ACTIVE_ARCH = YES;
				SDKROOT = xros;
				STRING_CATALOG_GENERATE_SYMBOLS = YES;
				SWIFT_ACTIVE_COMPILATION_CONDITIONS = "DEBUG $(inherited)";
				SWIFT_OPTIMIZATION_LEVEL = "-Onone";
				XROS_DEPLOYMENT_TARGET = 2.0;
			};
			name = Debug;
		};
		D112743B2BC7318A00E194CF /* Release */ = {
			isa = XCBuildConfiguration;
			baseConfigurationReference = 33D190EEBFF9B25310AB436E /* SampleCode.xcconfig */;
			buildSettings = {
				ALWAYS_SEARCH_USER_PATHS = NO;
				ASSETCATALOG_COMPILER_GENERATE_SWIFT_ASSET_SYMBOL_EXTENSIONS = YES;
				CLANG_ANALYZER_NONNULL = YES;
				CLANG_ANALYZER_NUMBER_OBJECT_CONVERSION = YES_AGGRESSIVE;
				CLANG_CXX_LANGUAGE_STANDARD = "gnu++20";
				CLANG_ENABLE_MODULES = YES;
				CLANG_ENABLE_OBJC_ARC = YES;
				CLANG_ENABLE_OBJC_WEAK = YES;
				CLANG_WARN_BLOCK_CAPTURE_AUTORELEASING = YES;
				CLANG_WARN_BOOL_CONVERSION = YES;
				CLANG_WARN_COMMA = YES;
				CLANG_WARN_CONSTANT_CONVERSION = YES;
				CLANG_WARN_DEPRECATED_OBJC_IMPLEMENTATIONS = YES;
				CLANG_WARN_DIRECT_OBJC_ISA_USAGE = YES_ERROR;
				CLANG_WARN_DOCUMENTATION_COMMENTS = YES;
				CLANG_WARN_EMPTY_BODY = YES;
				CLANG_WARN_ENUM_CONVERSION = YES;
				CLANG_WARN_INFINITE_RECURSION = YES;
				CLANG_WARN_INT_CONVERSION = YES;
				CLANG_WARN_NON_LITERAL_NULL_CONVERSION = YES;
				CLANG_WARN_OBJC_IMPLICIT_RETAIN_SELF = YES;
				CLANG_WARN_OBJC_LITERAL_CONVERSION = YES;
				CLANG_WARN_OBJC_ROOT_CLASS = YES_ERROR;
				CLANG_WARN_QUOTED_INCLUDE_IN_FRAMEWORK_HEADER = YES;
				CLANG_WARN_RANGE_LOOP_ANALYSIS = YES;
				CLANG_WARN_STRICT_PROTOTYPES = YES;
				CLANG_WARN_SUSPICIOUS_MOVE = YES;
				CLANG_WARN_UNGUARDED_AVAILABILITY = YES_AGGRESSIVE;
				CLANG_WARN_UNREACHABLE_CODE = YES;
				CLANG_WARN__DUPLICATE_METHOD_MATCH = YES;
				COPY_PHASE_STRIP = NO;
				DEBUG_INFORMATION_FORMAT = "dwarf-with-dsym";
				DEVELOPMENT_TEAM = 29T757U3Y2;
				ENABLE_NS_ASSERTIONS = NO;
				ENABLE_STRICT_OBJC_MSGSEND = YES;
				ENABLE_USER_SCRIPT_SANDBOXING = YES;
				GCC_C_LANGUAGE_STANDARD = gnu17;
				GCC_NO_COMMON_BLOCKS = YES;
				GCC_WARN_64_TO_32_BIT_CONVERSION = YES;
				GCC_WARN_ABOUT_RETURN_TYPE = YES_ERROR;
				GCC_WARN_UNDECLARED_SELECTOR = YES;
				GCC_WARN_UNINITIALIZED_AUTOS = YES_AGGRESSIVE;
				GCC_WARN_UNUSED_FUNCTION = YES;
				GCC_WARN_UNUSED_VARIABLE = YES;
				LOCALIZATION_PREFERS_STRING_CATALOGS = YES;
				MTL_ENABLE_DEBUG_INFO = NO;
				MTL_FAST_MATH = YES;
				SDKROOT = xros;
				STRING_CATALOG_GENERATE_SYMBOLS = YES;
				SWIFT_COMPILATION_MODE = wholemodule;
				VALIDATE_PRODUCT = YES;
				XROS_DEPLOYMENT_TARGET = 2.0;
			};
			name = Release;
		};
		D112743D2BC7318A00E194CF /* Debug */ = {
			isa = XCBuildConfiguration;
			baseConfigurationReference = 33D190EEBFF9B25310AB436E /* SampleCode.xcconfig */;
			buildSettings = {
				ASSETCATALOG_COMPILER_APPICON_NAME = AppIcon;
				ASSETCATALOG_COMPILER_GLOBAL_ACCENT_COLOR_NAME = AccentColor;
				CODE_SIGN_STYLE = Automatic;
				CURRENT_PROJECT_VERSION = 1;
				DEVELOPMENT_ASSET_PATHS = "\"CompositorDemo/Preview Content\"";
				DEVELOPMENT_TEAM = 29T757U3Y2;
				ENABLE_PREVIEWS = YES;
				ENABLE_USER_SCRIPT_SANDBOXING = YES;
				GENERATE_INFOPLIST_FILE = YES;
				INFOPLIST_FILE = "$(TARGET_NAME)/Info.plist";
				INFOPLIST_KEY_CFBundleDisplayName = "Compositor Demo";
				LD_RUNPATH_SEARCH_PATHS = (
					"$(inherited)",
					"@executable_path/Frameworks",
				);
				MARKETING_VERSION = 1.0;
				PRODUCT_BUNDLE_IDENTIFIER = com.cirru.compositorDemo;
				PRODUCT_NAME = "$(TARGET_NAME)";
				PROVISIONING_PROFILE_SPECIFIER = "";
				SUPPORTED_PLATFORMS = "xros xrsimulator";
				SWIFT_EMIT_LOC_STRINGS = YES;
				SWIFT_OBJC_BRIDGING_HEADER = "$(TARGET_NAME)/Bridging-Header.h";
				SWIFT_VERSION = 5.0;
				TARGETED_DEVICE_FAMILY = "1,2,7";
			};
			name = Debug;
		};
		D112743E2BC7318A00E194CF /* Release */ = {
			isa = XCBuildConfiguration;
			baseConfigurationReference = 33D190EEBFF9B25310AB436E /* SampleCode.xcconfig */;
			buildSettings = {
				ASSETCATALOG_COMPILER_APPICON_NAME = AppIcon;
				ASSETCATALOG_COMPILER_GLOBAL_ACCENT_COLOR_NAME = AccentColor;
				CODE_SIGN_STYLE = Automatic;
				CURRENT_PROJECT_VERSION = 1;
				DEVELOPMENT_ASSET_PATHS = "\"CompositorDemo/Preview Content\"";
				DEVELOPMENT_TEAM = 29T757U3Y2;
				ENABLE_PREVIEWS = YES;
				ENABLE_USER_SCRIPT_SANDBOXING = YES;
				GENERATE_INFOPLIST_FILE = YES;
				INFOPLIST_FILE = "$(TARGET_NAME)/Info.plist";
				INFOPLIST_KEY_CFBundleDisplayName = "Compositor Demo";
				LD_RUNPATH_SEARCH_PATHS = (
					"$(inherited)",
					"@executable_path/Frameworks",
				);
				MARKETING_VERSION = 1.0;
				PRODUCT_BUNDLE_IDENTIFIER = com.cirru.compositorDemo;
				PRODUCT_NAME = "$(TARGET_NAME)";
				PROVISIONING_PROFILE_SPECIFIER = "";
				SUPPORTED_PLATFORMS = "xros xrsimulator";
				SWIFT_EMIT_LOC_STRINGS = YES;
				SWIFT_OBJC_BRIDGING_HEADER = "$(TARGET_NAME)/Bridging-Header.h";
				SWIFT_VERSION = 5.0;
				TARGETED_DEVICE_FAMILY = "1,2,7";
			};
			name = Release;
		};
/* End XCBuildConfiguration section */

/* Begin XCConfigurationList section */
		D112741D2BC7318900E194CF /* Build configuration list for PBXProject "CompositorDemo" */ = {
			isa = XCConfigurationList;
			buildConfigurations = (
				D112743A2BC7318A00E194CF /* Debug */,
				D112743B2BC7318A00E194CF /* Release */,
			);
			defaultConfigurationIsVisible = 0;
			defaultConfigurationName = Debug;
		};
		D112743C2BC7318A00E194CF /* Build configuration list for PBXNativeTarget "CompositorDemo" */ = {
			isa = XCConfigurationList;
			buildConfigurations = (
				D112743D2BC7318A00E194CF /* Debug */,
				D112743E2BC7318A00E194CF /* Release */,
			);
			defaultConfigurationIsVisible = 0;
			defaultConfigurationName = Debug;
		};
/* End XCConfigurationList section */
	};
	rootObject = D112741A2BC7318900E194CF /* Project object */;
}
